
Microsoft Visual Studio Solution File, Format Version 12.00
# Visual Studio 15
VisualStudioVersion = 15.0.27703.2035
MinimumVisualStudioVersion = 10.0.40219.1
Project("{8BC9CEB8-8B4A-11D0-8D11-00A0C91BC942}") = "排序", "排序.vcxproj", "{FBA96A41-67FF-4CF7-A428-FC8E9CD62806}"
EndProject
Global
	GlobalSection(SolutionConfigurationPlatforms) = preSolution
		Debug|x64 = Debug|x64
		Debug|x86 = Debug|x86
		Release|x64 = Release|x64
		Release|x86 = Release|x86
	EndGlobalSection
	GlobalSection(ProjectConfigurationPlatforms) = postSolution
		{FBA96A41-67FF-4CF7-A428-FC8E9CD62806}.Debug|x64.ActiveCfg = Debug|x64
		{FBA96A41-67FF-4CF7-A428-FC8E9CD62806}.Debug|x64.Build.0 = Debug|x64
		{FBA96A41-67FF-4CF7-A428-FC8E9CD62806}.Debug|x86.ActiveCfg = Debug|Win32
		{FBA96A41-67FF-4CF7-A428-FC8E9CD62806}.Debug|x86.Build.0 = Debug|Win32
		{FBA96A41-67FF-4CF7-A428-FC8E9CD62806}.Release|x64.ActiveCfg = Release|x64
		{FBA96A41-67FF-4CF7-A428-FC8E9CD62806}.Release|x64.Build.0 = Release|x64
		{FBA96A41-67FF-4CF7-A428-FC8E9CD62806}.Release|x86.ActiveCfg = Release|Win32
		{FBA96A41-67FF-4CF7-A428-FC8E9CD62806}.Release|x86.Build.0 = Release|Win32
	EndGlobalSection
	GlobalSection(SolutionProperties) = preSolution
		HideSolutionNode = FALSE
	EndGlobalSection
	GlobalSection(ExtensibilityGlobals) = postSolution
		SolutionGuid = {4F30854D-63C4-4AC3-818C-6EFAC3AE8BE6}
	EndGlobalSection
EndGlobal
